
Microsoft Visual Studio Solution File, Format Version 12.00
# Visual Studio Version 17
VisualStudioVersion = 17.2.32526.322
MinimumVisualStudioVersion = 10.0.40219.1
Project("{8BC9CEB8-8B4A-11D0-8D11-00A0C91BC942}") = "SoftRenderer", "SoftRenderer.vcxproj", "{82ED1289-A37D-402B-B891-6A4729CEB628}"
EndProject
Global
	GlobalSection(SolutionConfigurationPlatforms) = preSolution
		Debug|x64 = Debug|x64
		Debug|x86 = Debug|x86
		Release|x64 = Release|x64
		Release|x86 = Release|x86
	EndGlobalSection
	GlobalSection(ProjectConfigurationPlatforms) = postSolution
		{82ED1289-A37D-402B-B891-6A4729CEB628}.Debug|x64.ActiveCfg = Debug|x64
		{82ED1289-A37D-402B-B891-6A4729CEB628}.Debug|x64.Build.0 = Debug|x64
		{82ED1289-A37D-402B-B891-6A4729CEB628}.Debug|x86.ActiveCfg = Debug|Win32
		{82ED1289-A37D-402B-B891-6A4729CEB628}.Debug|x86.Build.0 = Debug|Win32
		{82ED1289-A37D-402B-B891-6A4729CEB628}.Release|x64.ActiveCfg = Release|x64
		{82ED1289-A37D-402B-B891-6A4729CEB628}.Release|x64.Build.0 = Release|x64
		{82ED1289-A37D-402B-B891-6A4729CEB628}.Release|x86.ActiveCfg = Release|Win32
		{82ED1289-A37D-402B-B891-6A4729CEB628}.Release|x86.Build.0 = Release|Win32
	EndGlobalSection
	GlobalSection(SolutionProperties) = preSolution
		HideSolutionNode = FALSE
	EndGlobalSection
	GlobalSection(ExtensibilityGlobals) = postSolution
		SolutionGuid = {7DDA72AB-2B60-42BE-B313-19D2834ED58A}
	EndGlobalSection
EndGlobal
